
Microsoft Visual Studio Solution File, Format Version 12.00
# Visual Studio Version 16
VisualStudioVersion = 16.0.31019.35
MinimumVisualStudioVersion = 10.0.40219.1
Project("{9A19103F-16F7-4668-BE54-9A1E7A4F7556}") = "DataHandling", "DataAPIRequests\DataHandling.csproj", "{DD69FCC4-88FD-4686-A157-6CF43CE03A6F}"
EndProject
Project("{9A19103F-16F7-4668-BE54-9A1E7A4F7556}") = "WebApplication", "CryptoNewsWebApp\WebApplication.csproj", "{86DDD5E7-3CD4-4140-9615-80364AFBA19F}"
EndProject
Global
	GlobalSection(SolutionConfigurationPlatforms) = preSolution
		Debug|Any CPU = Debug|Any CPU
		Release|Any CPU = Release|Any CPU
	EndGlobalSection
	GlobalSection(ProjectConfigurationPlatforms) = postSolution
		{DD69FCC4-88FD-4686-A157-6CF43CE03A6F}.Debug|Any CPU.ActiveCfg = Debug|Any CPU
		{DD69FCC4-88FD-4686-A157-6CF43CE03A6F}.Debug|Any CPU.Build.0 = Debug|Any CPU
		{DD69FCC4-88FD-4686-A157-6CF43CE03A6F}.Release|Any CPU.ActiveCfg = Release|Any CPU
		{DD69FCC4-88FD-4686-A157-6CF43CE03A6F}.Release|Any CPU.Build.0 = Release|Any CPU
		{86DDD5E7-3CD4-4140-9615-80364AFBA19F}.Debug|Any CPU.ActiveCfg = Debug|Any CPU
		{86DDD5E7-3CD4-4140-9615-80364AFBA19F}.Debug|Any CPU.Build.0 = Debug|Any CPU
		{86DDD5E7-3CD4-4140-9615-80364AFBA19F}.Release|Any CPU.ActiveCfg = Release|Any CPU
		{86DDD5E7-3CD4-4140-9615-80364AFBA19F}.Release|Any CPU.Build.0 = Release|Any CPU
	EndGlobalSection
	GlobalSection(SolutionProperties) = preSolution
		HideSolutionNode = FALSE
	EndGlobalSection
	GlobalSection(ExtensibilityGlobals) = postSolution
		SolutionGuid = {7DA02523-615F-43A2-B281-50519C44C4BC}
	EndGlobalSection
EndGlobal
